# @generated - this file is auto-generated by `mise lock` https://mise.en.dev/dev-tools/mise-lock.html

[[tools.hk]]
version = "1.50.0"
backend = "aqua:jdx/hk"

[tools.hk."platforms.linux-arm64"]
checksum = "sha256:759f782c24db20954b471de64b0aaf1b10157ed0aa1b64eca9b8f6dc4f7cfc0b"
url = "https://github.com/jdx/hk/releases/download/v1.50.0/hk-aarch64-unknown-linux-gnu.tar.gz"

[tools.hk."platforms.linux-arm64-musl"]
checksum = "sha256:072ce468ec07d31797e2d08e96f5fd036ff220a5d8a97584eea3b7d780072c95"
url = "https://github.com/jdx/hk/releases/download/v1.50.0/hk-aarch64-unknown-linux-musl.tar.gz"

[tools.hk."platforms.linux-x64"]
checksum = "sha256:a86a19b51277401410fcfad76f650b5172882d91a6e624a63b9e20f81a6476bc"
url = "https://github.com/jdx/hk/releases/download/v1.50.0/hk-x86_64-unknown-linux-gnu.tar.gz"

[tools.hk."platforms.linux-x64-musl"]
checksum = "sha256:cd49292560a497058a615a1c5537af131df73d893773cdd612585274db138c58"
url = "https://github.com/jdx/hk/releases/download/v1.50.0/hk-x86_64-unknown-linux-musl.tar.gz"

[tools.hk."platforms.macos-arm64"]
checksum = "sha256:0e11012d1106350774de880bfc54e5b2fef77b1a1b7bf51e09f4b1423e9cb39b"
url = "https://github.com/jdx/hk/releases/download/v1.50.0/hk-aarch64-apple-darwin.tar.gz"

[tools.hk."platforms.windows-x64"]
checksum = "sha256:19055e34af501a3cb7568b55f31ea4f0e38760d518b79e17d71fdd39ba0882eb"
url = "https://github.com/jdx/hk/releases/download/v1.50.0/hk-x86_64-pc-windows-msvc.zip"

[[tools.markdownlint-cli2]]
version = "0.23.0"
backend = "npm:markdownlint-cli2"

[[tools.pkl]]
version = "0.32.0"
backend = "aqua:apple/pkl"

[tools.pkl."platforms.linux-arm64"]
checksum = "sha256:b1ba7ef5dec9287f8f843ce563911eba822fed5789a5baab8cc712615a9dbaf0"
url = "https://github.com/apple/pkl/releases/download/0.32.0/pkl-linux-aarch64"

[tools.pkl."platforms.linux-arm64-musl"]
checksum = "sha256:b1ba7ef5dec9287f8f843ce563911eba822fed5789a5baab8cc712615a9dbaf0"
url = "https://github.com/apple/pkl/releases/download/0.32.0/pkl-linux-aarch64"

[tools.pkl."platforms.linux-x64"]
checksum = "sha256:15e7e7375c28b8542b3d13fe35bccaeb7b9542114008998708385489885f41e7"
url = "https://github.com/apple/pkl/releases/download/0.32.0/pkl-linux-amd64"

[tools.pkl."platforms.linux-x64-musl"]
checksum = "sha256:15e7e7375c28b8542b3d13fe35bccaeb7b9542114008998708385489885f41e7"
url = "https://github.com/apple/pkl/releases/download/0.32.0/pkl-linux-amd64"

[tools.pkl."platforms.macos-arm64"]
checksum = "sha256:fb891856705f3dcb8589c74999e01ded3eeb6b77ad5c6a95c02579a848c13928"
url = "https://github.com/apple/pkl/releases/download/0.32.0/pkl-macos-aarch64"

[tools.pkl."platforms.macos-x64"]
checksum = "sha256:190ad63fec4f81f40e75dba8d6309033dd30e51b3e042db3b846f67c7ab46e3d"
url = "https://github.com/apple/pkl/releases/download/0.32.0/pkl-macos-amd64"

[tools.pkl."platforms.windows-x64"]
checksum = "sha256:61c40e940d5e61a0c54cc6bdef6ff26d44f02aeccd19fa0407125dc617dba030"
url = "https://github.com/apple/pkl/releases/download/0.32.0/pkl-windows-amd64.exe"

[[tools.shellcheck]]
version = "0.11.0"
backend = "aqua:koalaman/shellcheck"

[tools.shellcheck."platforms.linux-arm64"]
checksum = "sha256:12b331c1d2db6b9eb13cfca64306b1b157a86eb69db83023e261eaa7e7c14588"
url = "https://github.com/koalaman/shellcheck/releases/download/v0.11.0/shellcheck-v0.11.0.linux.aarch64.tar.xz"

[tools.shellcheck."platforms.linux-arm64-musl"]
checksum = "sha256:12b331c1d2db6b9eb13cfca64306b1b157a86eb69db83023e261eaa7e7c14588"
url = "https://github.com/koalaman/shellcheck/releases/download/v0.11.0/shellcheck-v0.11.0.linux.aarch64.tar.xz"

[tools.shellcheck."platforms.linux-x64"]
checksum = "sha256:8c3be12b05d5c177a04c29e3c78ce89ac86f1595681cab149b65b97c4e227198"
url = "https://github.com/koalaman/shellcheck/releases/download/v0.11.0/shellcheck-v0.11.0.linux.x86_64.tar.xz"

[tools.shellcheck."platforms.linux-x64-musl"]
checksum = "sha256:8c3be12b05d5c177a04c29e3c78ce89ac86f1595681cab149b65b97c4e227198"
url = "https://github.com/koalaman/shellcheck/releases/download/v0.11.0/shellcheck-v0.11.0.linux.x86_64.tar.xz"

[tools.shellcheck."platforms.macos-arm64"]
checksum = "sha256:56affdd8de5527894dca6dc3d7e0a99a873b0f004d7aabc30ae407d3f48b0a79"
url = "https://github.com/koalaman/shellcheck/releases/download/v0.11.0/shellcheck-v0.11.0.darwin.aarch64.tar.xz"

[tools.shellcheck."platforms.macos-x64"]
checksum = "sha256:3c89db4edcab7cf1c27bff178882e0f6f27f7afdf54e859fa041fca10febe4c6"
url = "https://github.com/koalaman/shellcheck/releases/download/v0.11.0/shellcheck-v0.11.0.darwin.x86_64.tar.xz"

[tools.shellcheck."platforms.windows-x64"]
checksum = "sha256:8a4e35ab0b331c85d73567b12f2a444df187f483e5079ceffa6bda1faa2e740e"
url = "https://github.com/koalaman/shellcheck/releases/download/v0.11.0/shellcheck-v0.11.0.zip"
